
Microsoft Visual Studio Solution File, Format Version 12.00
# Visual Studio Version 17
VisualStudioVersion = 17.5.002.0
MinimumVisualStudioVersion = 10.0.40219.1
Project("{9A19103F-16F7-4668-BE54-9A1E7A4F7556}") = "QuickBooksIntegrationAPI", "QuickBooksIntegrationAPI.csproj", "{B108673B-FD84-4D60-830F-EA1FE45F92FE}"
EndProject
Global
	GlobalSection(SolutionConfigurationPlatforms) = preSolution
		Debug|Any CPU = Debug|Any CPU
		Release|Any CPU = Release|Any CPU
	EndGlobalSection
	GlobalSection(ProjectConfigurationPlatforms) = postSolution
		{B108673B-FD84-4D60-830F-EA1FE45F92FE}.Debug|Any CPU.ActiveCfg = Debug|Any CPU
		{B108673B-FD84-4D60-830F-EA1FE45F92FE}.Debug|Any CPU.Build.0 = Debug|Any CPU
		{B108673B-FD84-4D60-830F-EA1FE45F92FE}.Release|Any CPU.ActiveCfg = Release|Any CPU
		{B108673B-FD84-4D60-830F-EA1FE45F92FE}.Release|Any CPU.Build.0 = Release|Any CPU
	EndGlobalSection
	GlobalSection(SolutionProperties) = preSolution
		HideSolutionNode = FALSE
	EndGlobalSection
	GlobalSection(ExtensibilityGlobals) = postSolution
		SolutionGuid = {4D338B51-89F1-45DE-A190-601AA1DD5612}
	EndGlobalSection
EndGlobal
